{
  "name": "table-bank-queries",
  "version": "1.0.0",
  "lockfileVersion": 3,
  "requires": true,
  "packages": {
    "": {
      "name": "table-bank-queries",
      "version": "1.0.0",
      "dependencies": {
        "json-rules-engine": "^6.2.0"
      }
    },
    "node_modules/clone": {
      "version": "2.1.2",
      "resolved": "https://registry.npmjs.org/clone/-/clone-2.1.2.tgz",
      "integrity": "sha512-3Pe/CF1Nn94hyhIYpjtiLhdCoEoz0DqQ+988E9gmeEdQZlojxnOb74wctFyuwWQHzqyf9X7C7MG8juUpqBJT8w==",
      "engines": {
        "node": ">=0.8"
      }
    },
    "node_modules/eventemitter2": {
      "version": "6.4.9",
      "resolved": "https://registry.npmjs.org/eventemitter2/-/eventemitter2-6.4.9.tgz",
      "integrity": "sha512-JEPTiaOt9f04oa6NOkc4aH+nVp5I3wEjpHbIPqfgCdD5v5bUzy7xQqwcVO2aDQgOWhI28da57HksMrzK9HlRxg=="
    },
    "node_modules/hash-it": {
      "version": "6.0.1",
      "resolved": "https://registry.npmjs.org/hash-it/-/hash-it-6.0.1.tgz",
      "integrity": "sha512-qhl8+l4Zwi1eLlL3lja5ywmDQnBzLEJxd0QJoAVIgZpgQbdtVZrN5ypB0y3VHwBlvAalpcbM2/A6x7oUks5zNg=="
    },
    "node_modules/json-rules-engine": {
      "version": "6.6.0",
      "resolved": "https://registry.npmjs.org/json-rules-engine/-/json-rules-engine-6.6.0.tgz",
      "integrity": "sha512-jJ4eVCPnItetPiU3fTIzrrl3d2zeIXCcCy11dwWhN72YXBR2mByV1Vfbrvt6y2n+VFmxc6rtL/XhDqLKIwBx6g==",
      "dependencies": {
        "clone": "^2.1.2",
        "eventemitter2": "^6.4.4",
        "hash-it": "^6.0.0",
        "jsonpath-plus": "^7.2.0"
      }
    },
    "node_modules/jsonpath-plus": {
      "version": "7.2.0",
      "resolved": "https://registry.npmjs.org/jsonpath-plus/-/jsonpath-plus-7.2.0.tgz",
      "integrity": "sha512-zBfiUPM5nD0YZSBT/o/fbCUlCcepMIdP0CJZxM1+KgA4f2T206f6VAg9e7mX35+KlMaIc5qXW34f3BnwJ3w+RA==",
      "engines": {
        "node": ">=12.0.0"
      }
    }
  }
}
